
Microsoft Visual Studio Solution File, Format Version 12.00
# Visual Studio 14
VisualStudioVersion = 14.0.25420.1
MinimumVisualStudioVersion = 10.0.40219.1
Project("{FAE04EC0-301F-11D3-BF4B-00C04F79EFBC}") = "XamarinFormsButton.Droid", "XamarinFormsButton\XamarinFormsButton.Droid\XamarinFormsButton.Droid.csproj", "{C42F5863-E2A2-4C36-B4B9-6E16D86AA19C}"
EndProject
Project("{FAE04EC0-301F-11D3-BF4B-00C04F79EFBC}") = "XamarinFormsButton.iOS", "XamarinFormsButton\XamarinFormsButton.iOS\XamarinFormsButton.iOS.csproj", "{4BEAE941-8753-4C2F-A2D0-16F666C64659}"
EndProject
Project("{FAE04EC0-301F-11D3-BF4B-00C04F79EFBC}") = "XamarinFormsButton.WinPhone", "XamarinFormsButton\XamarinFormsButton.WinPhone\XamarinFormsButton.WinPhone.csproj", "{BECFE14B-C606-40E4-8E96-6031AC9C7F2C}"
EndProject
Project("{FAE04EC0-301F-11D3-BF4B-00C04F79EFBC}") = "XamarinFormsButton.UWP", "XamarinFormsButton\XamarinFormsButton.UWP\XamarinFormsButton.UWP.csproj", "{EB9D0632-A04F-4390-B6D3-1651809986CD}"
EndProject
Project("{FAE04EC0-301F-11D3-BF4B-00C04F79EFBC}") = "XamarinFormsButton.Windows", "XamarinFormsButton\XamarinFormsButton.Windows\XamarinFormsButton.Windows.csproj", "{E77B7A71-8514-48DA-944A-8002B1D460C3}"
EndProject
Project("{FAE04EC0-301F-11D3-BF4B-00C04F79EFBC}") = "XamarinFormsButton", "XamarinFormsButton\XamarinFormsButton\XamarinFormsButton.csproj", "{B0F892FE-C1C1-4C08-AED3-A1E4639C1BB2}"
EndProject
Global
	GlobalSection(SolutionConfigurationPlatforms) = preSolution
		Ad-Hoc|Any CPU = Ad-Hoc|Any CPU
		Ad-Hoc|ARM = Ad-Hoc|ARM
		Ad-Hoc|iPhone = Ad-Hoc|iPhone
		Ad-Hoc|iPhoneSimulator = Ad-Hoc|iPhoneSimulator
		Ad-Hoc|x64 = Ad-Hoc|x64
		Ad-Hoc|x86 = Ad-Hoc|x86
		AppStore|Any CPU = AppStore|Any CPU
		AppStore|ARM = AppStore|ARM
		AppStore|iPhone = AppStore|iPhone
		AppStore|iPhoneSimulator = AppStore|iPhoneSimulator
		AppStore|x64 = AppStore|x64
		AppStore|x86 = AppStore|x86
		Debug|Any CPU = Debug|Any CPU
		Debug|ARM = Debug|ARM
		Debug|iPhone = Debug|iPhone
		Debug|iPhoneSimulator = Debug|iPhoneSimulator
		Debug|x64 = Debug|x64
		Debug|x86 = Debug|x86
		Release|Any CPU = Release|Any CPU
		Release|ARM = Release|ARM
		Release|iPhone = Release|iPhone
		Release|iPhoneSimulator = Release|iPhoneSimulator
		Release|x64 = Release|x64
		Release|x86 = Release|x86
	EndGlobalSection
	GlobalSection(ProjectConfigurationPlatforms) = postSolution
		{C42F5863-E2A2-4C36-B4B9-6E16D86AA19C}.Ad-Hoc|Any CPU.ActiveCfg = Release|Any CPU
		{C42F5863-E2A2-4C36-B4B9-6E16D86AA19C}.Ad-Hoc|Any CPU.Build.0 = Release|Any CPU
		{C42F5863-E2A2-4C36-B4B9-6E16D86AA19C}.Ad-Hoc|Any CPU.Deploy.0 = Release|Any CPU
		{C42F5863-E2A2-4C36-B4B9-6E16D86AA19C}.Ad-Hoc|ARM.ActiveCfg = Release|Any CPU
		{C42F5863-E2A2-4C36-B4B9-6E16D86AA19C}.Ad-Hoc|ARM.Build.0 = Release|Any CPU
		{C42F5863-E2A2-4C36-B4B9-6E16D86AA19C}.Ad-Hoc|ARM.Deploy.0 = Release|Any CPU
		{C42F5863-E2A2-4C36-B4B9-6E16D86AA19C}.Ad-Hoc|iPhone.ActiveCfg = Release|Any CPU
		{C42F5863-E2A2-4C36-B4B9-6E16D86AA19C}.Ad-Hoc|iPhone.Build.0 = Release|Any CPU
		{C42F5863-E2A2-4C36-B4B9-6E16D86AA19C}.Ad-Hoc|iPhone.Deploy.0 = Release|Any CPU
		{C42F5863-E2A2-4C36-B4B9-6E16D86AA19C}.Ad-Hoc|iPhoneSimulator.ActiveCfg = Release|Any CPU
		{C42F5863-E2A2-4C36-B4B9-6E16D86AA19C}.Ad-Hoc|iPhoneSimulator.Build.0 = Release|Any CPU
		{C42F5863-E2A2-4C36-B4B9-6E16D86AA19C}.Ad-Hoc|iPhoneSimulator.Deploy.0 = Release|Any CPU
		{C42F5863-E2A2-4C36-B4B9-6E16D86AA19C}.Ad-Hoc|x64.ActiveCfg = Release|Any CPU
		{C42F5863-E2A2-4C36-B4B9-6E16D86AA19C}.Ad-Hoc|x64.Build.0 = Release|Any CPU
		{C42F5863-E2A2-4C36-B4B9-6E16D86AA19C}.Ad-Hoc|x64.Deploy.0 = Release|Any CPU
		{C42F5863-E2A2-4C36-B4B9-6E16D86AA19C}.Ad-Hoc|x86.ActiveCfg = Release|Any CPU
		{C42F5863-E2A2-4C36-B4B9-6E16D86AA19C}.Ad-Hoc|x86.Build.0 = Release|Any CPU
		{C42F5863-E2A2-4C36-B4B9-6E16D86AA19C}.Ad-Hoc|x86.Deploy.0 = Release|Any CPU
		{C42F5863-E2A2-4C36-B4B9-6E16D86AA19C}.AppStore|Any CPU.ActiveCfg = Release|Any CPU
		{C42F5863-E2A2-4C36-B4B9-6E16D86AA19C}.AppStore|Any CPU.Build.0 = Release|Any CPU
		{C42F5863-E2A2-4C36-B4B9-6E16D86AA19C}.AppStore|Any CPU.Deploy.0 = Release|Any CPU
		{C42F5863-E2A2-4C36-B4B9-6E16D86AA19C}.AppStore|ARM.ActiveCfg = Release|Any CPU
		{C42F5863-E2A2-4C36-B4B9-6E16D86AA19C}.AppStore|ARM.Build.0 = Release|Any CPU
		{C42F5863-E2A2-4C36-B4B9-6E16D86AA19C}.AppStore|ARM.Deploy.0 = Release|Any CPU
		{C42F5863-E2A2-4C36-B4B9-6E16D86AA19C}.AppStore|iPhone.ActiveCfg = Release|Any CPU
		{C42F5863-E2A2-4C36-B4B9-6E16D86AA19C}.AppStore|iPhone.Build.0 = Release|Any CPU
		{C42F5863-E2A2-4C36-B4B9-6E16D86AA19C}.AppStore|iPhone.Deploy.0 = Release|Any CPU
		{C42F5863-E2A2-4C36-B4B9-6E16D86AA19C}.AppStore|iPhoneSimulator.ActiveCfg = Release|Any CPU
		{C42F5863-E2A2-4C36-B4B9-6E16D86AA19C}.AppStore|iPhoneSimulator.Build.0 = Release|Any CPU
		{C42F5863-E2A2-4C36-B4B9-6E16D86AA19C}.AppStore|iPhoneSimulator.Deploy.0 = Release|Any CPU
		{C42F5863-E2A2-4C36-B4B9-6E16D86AA19C}.AppStore|x64.ActiveCfg = Release|Any CPU
		{C42F5863-E2A2-4C36-B4B9-6E16D86AA19C}.AppStore|x64.Build.0 = Release|Any CPU
		{C42F5863-E2A2-4C36-B4B9-6E16D86AA19C}.AppStore|x64.Deploy.0 = Release|Any CPU
		{C42F5863-E2A2-4C36-B4B9-6E16D86AA19C}.AppStore|x86.ActiveCfg = Release|Any CPU
		{C42F5863-E2A2-4C36-B4B9-6E16D86AA19C}.AppStore|x86.Build.0 = Release|Any CPU
		{C42F5863-E2A2-4C36-B4B9-6E16D86AA19C}.AppStore|x86.Deploy.0 = Release|Any CPU
		{C42F5863-E2A2-4C36-B4B9-6E16D86AA19C}.Debug|Any CPU.ActiveCfg = Debug|Any CPU
		{C42F5863-E2A2-4C36-B4B9-6E16D86AA19C}.Debug|Any CPU.Build.0 = Debug|Any CPU
		{C42F5863-E2A2-4C36-B4B9-6E16D86AA19C}.Debug|Any CPU.Deploy.0 = Debug|Any CPU
		{C42F5863-E2A2-4C36-B4B9-6E16D86AA19C}.Debug|ARM.ActiveCfg = Debug|Any CPU
		{C42F5863-E2A2-4C36-B4B9-6E16D86AA19C}.Debug|ARM.Build.0 = Debug|Any CPU
		{C42F5863-E2A2-4C36-B4B9-6E16D86AA19C}.Debug|ARM.Deploy.0 = Debug|Any CPU
		{C42F5863-E2A2-4C36-B4B9-6E16D86AA19C}.Debug|iPhone.ActiveCfg = Debug|Any CPU
		{C42F5863-E2A2-4C36-B4B9-6E16D86AA19C}.Debug|iPhone.Build.0 = Debug|Any CPU
		{C42F5863-E2A2-4C36-B4B9-6E16D86AA19C}.Debug|iPhone.Deploy.0 = Debug|Any CPU
		{C42F5863-E2A2-4C36-B4B9-6E16D86AA19C}.Debug|iPhoneSimulator.ActiveCfg = Debug|Any CPU
		{C42F5863-E2A2-4C36-B4B9-6E16D86AA19C}.Debug|iPhoneSimulator.Build.0 = Debug|Any CPU
		{C42F5863-E2A2-4C36-B4B9-6E16D86AA19C}.Debug|iPhoneSimulator.Deploy.0 = Debug|Any CPU
		{C42F5863-E2A2-4C36-B4B9-6E16D86AA19C}.Debug|x64.ActiveCfg = Debug|Any CPU
		{C42F5863-E2A2-4C36-B4B9-6E16D86AA19C}.Debug|x64.Build.0 = Debug|Any CPU
		{C42F5863-E2A2-4C36-B4B9-6E16D86AA19C}.Debug|x64.Deploy.0 = Debug|Any CPU
		{C42F5863-E2A2-4C36-B4B9-6E16D86AA19C}.Debug|x86.ActiveCfg = Debug|Any CPU
		{C42F5863-E2A2-4C36-B4B9-6E16D86AA19C}.Debug|x86.Build.0 = Debug|Any CPU
		{C42F5863-E2A2-4C36-B4B9-6E16D86AA19C}.Debug|x86.Deploy.0 = Debug|Any CPU
		{C42F5863-E2A2-4C36-B4B9-6E16D86AA19C}.Release|Any CPU.ActiveCfg = Release|Any CPU
		{C42F5863-E2A2-4C36-B4B9-6E16D86AA19C}.Release|Any CPU.Build.0 = Release|Any CPU
		{C42F5863-E2A2-4C36-B4B9-6E16D86AA19C}.Release|Any CPU.Deploy.0 = Release|Any CPU
		{C42F5863-E2A2-4C36-B4B9-6E16D86AA19C}.Release|ARM.ActiveCfg = Release|Any CPU
		{C42F5863-E2A2-4C36-B4B9-6E16D86AA19C}.Release|ARM.Build.0 = Release|Any CPU
		{C42F5863-E2A2-4C36-B4B9-6E16D86AA19C}.Release|ARM.Deploy.0 = Release|Any CPU
		{C42F5863-E2A2-4C36-B4B9-6E16D86AA19C}.Release|iPhone.ActiveCfg = Release|Any CPU
		{C42F5863-E2A2-4C36-B4B9-6E16D86AA19C}.Release|iPhone.Build.0 = Release|Any CPU
		{C42F5863-E2A2-4C36-B4B9-6E16D86AA19C}.Release|iPhone.Deploy.0 = Release|Any CPU
		{C42F5863-E2A2-4C36-B4B9-6E16D86AA19C}.Release|iPhoneSimulator.ActiveCfg = Release|Any CPU
		{C42F5863-E2A2-4C36-B4B9-6E16D86AA19C}.Release|iPhoneSimulator.Build.0 = Release|Any CPU
		{C42F5863-E2A2-4C36-B4B9-6E16D86AA19C}.Release|iPhoneSimulator.Deploy.0 = Release|Any CPU
		{C42F5863-E2A2-4C36-B4B9-6E16D86AA19C}.Release|x64.ActiveCfg = Release|Any CPU
		{C42F5863-E2A2-4C36-B4B9-6E16D86AA19C}.Release|x64.Build.0 = Release|Any CPU
		{C42F5863-E2A2-4C36-B4B9-6E16D86AA19C}.Release|x64.Deploy.0 = Release|Any CPU
		{C42F5863-E2A2-4C36-B4B9-6E16D86AA19C}.Release|x86.ActiveCfg = Release|Any CPU
		{C42F5863-E2A2-4C36-B4B9-6E16D86AA19C}.Release|x86.Build.0 = Release|Any CPU
		{C42F5863-E2A2-4C36-B4B9-6E16D86AA19C}.Release|x86.Deploy.0 = Release|Any CPU
		{4BEAE941-8753-4C2F-A2D0-16F666C64659}.Ad-Hoc|Any CPU.ActiveCfg = Ad-Hoc|iPhone
		{4BEAE941-8753-4C2F-A2D0-16F666C64659}.Ad-Hoc|ARM.ActiveCfg = Ad-Hoc|iPhone
		{4BEAE941-8753-4C2F-A2D0-16F666C64659}.Ad-Hoc|iPhone.ActiveCfg = Ad-Hoc|iPhone
		{4BEAE941-8753-4C2F-A2D0-16F666C64659}.Ad-Hoc|iPhone.Build.0 = Ad-Hoc|iPhone
		{4BEAE941-8753-4C2F-A2D0-16F666C64659}.Ad-Hoc|iPhoneSimulator.ActiveCfg = Ad-Hoc|iPhoneSimulator
		{4BEAE941-8753-4C2F-A2D0-16F666C64659}.Ad-Hoc|iPhoneSimulator.Build.0 = Ad-Hoc|iPhoneSimulator
		{4BEAE941-8753-4C2F-A2D0-16F666C64659}.Ad-Hoc|x64.ActiveCfg = Ad-Hoc|iPhone
		{4BEAE941-8753-4C2F-A2D0-16F666C64659}.Ad-Hoc|x86.ActiveCfg = Ad-Hoc|iPhone
		{4BEAE941-8753-4C2F-A2D0-16F666C64659}.AppStore|Any CPU.ActiveCfg = AppStore|iPhone
		{4BEAE941-8753-4C2F-A2D0-16F666C64659}.AppStore|ARM.ActiveCfg = AppStore|iPhone
		{4BEAE941-8753-4C2F-A2D0-16F666C64659}.AppStore|iPhone.ActiveCfg = AppStore|iPhone
		{4BEAE941-8753-4C2F-A2D0-16F666C64659}.AppStore|iPhone.Build.0 = AppStore|iPhone
		{4BEAE941-8753-4C2F-A2D0-16F666C64659}.AppStore|iPhoneSimulator.ActiveCfg = AppStore|iPhoneSimulator
		{4BEAE941-8753-4C2F-A2D0-16F666C64659}.AppStore|iPhoneSimulator.Build.0 = AppStore|iPhoneSimulator
		{4BEAE941-8753-4C2F-A2D0-16F666C64659}.AppStore|x64.ActiveCfg = AppStore|iPhone
		{4BEAE941-8753-4C2F-A2D0-16F666C64659}.AppStore|x86.ActiveCfg = AppStore|iPhone
		{4BEAE941-8753-4C2F-A2D0-16F666C64659}.Debug|Any CPU.ActiveCfg = Debug|iPhone
		{4BEAE941-8753-4C2F-A2D0-16F666C64659}.Debug|ARM.ActiveCfg = Debug|iPhone
		{4BEAE941-8753-4C2F-A2D0-16F666C64659}.Debug|iPhone.ActiveCfg = Debug|iPhone
		{4BEAE941-8753-4C2F-A2D0-16F666C64659}.Debug|iPhone.Build.0 = Debug|iPhone
		{4BEAE941-8753-4C2F-A2D0-16F666C64659}.Debug|iPhoneSimulator.ActiveCfg = Debug|iPhoneSimulator
		{4BEAE941-8753-4C2F-A2D0-16F666C64659}.Debug|iPhoneSimulator.Build.0 = Debug|iPhoneSimulator
		{4BEAE941-8753-4C2F-A2D0-16F666C64659}.Debug|x64.ActiveCfg = Debug|iPhone
		{4BEAE941-8753-4C2F-A2D0-16F666C64659}.Debug|x86.ActiveCfg = Debug|iPhone
		{4BEAE941-8753-4C2F-A2D0-16F666C64659}.Release|Any CPU.ActiveCfg = Release|iPhone
		{4BEAE941-8753-4C2F-A2D0-16F666C64659}.Release|ARM.ActiveCfg = Release|iPhone
		{4BEAE941-8753-4C2F-A2D0-16F666C64659}.Release|iPhone.ActiveCfg = Release|iPhone
		{4BEAE941-8753-4C2F-A2D0-16F666C64659}.Release|iPhone.Build.0 = Release|iPhone
		{4BEAE941-8753-4C2F-A2D0-16F666C64659}.Release|iPhoneSimulator.ActiveCfg = Release|iPhoneSimulator
		{4BEAE941-8753-4C2F-A2D0-16F666C64659}.Release|iPhoneSimulator.Build.0 = Release|iPhoneSimulator
		{4BEAE941-8753-4C2F-A2D0-16F666C64659}.Release|x64.ActiveCfg = Release|iPhone
		{4BEAE941-8753-4C2F-A2D0-16F666C64659}.Release|x86.ActiveCfg = Release|iPhone
		{BECFE14B-C606-40E4-8E96-6031AC9C7F2C}.Ad-Hoc|Any CPU.ActiveCfg = Release|Any CPU
		{BECFE14B-C606-40E4-8E96-6031AC9C7F2C}.Ad-Hoc|Any CPU.Build.0 = Release|Any CPU
		{BECFE14B-C606-40E4-8E96-6031AC9C7F2C}.Ad-Hoc|Any CPU.Deploy.0 = Release|Any CPU
		{BECFE14B-C606-40E4-8E96-6031AC9C7F2C}.Ad-Hoc|ARM.ActiveCfg = Release|ARM
		{BECFE14B-C606-40E4-8E96-6031AC9C7F2C}.Ad-Hoc|ARM.Build.0 = Release|ARM
		{BECFE14B-C606-40E4-8E96-6031AC9C7F2C}.Ad-Hoc|ARM.Deploy.0 = Release|ARM
		{BECFE14B-C606-40E4-8E96-6031AC9C7F2C}.Ad-Hoc|iPhone.ActiveCfg = Release|Any CPU
		{BECFE14B-C606-40E4-8E96-6031AC9C7F2C}.Ad-Hoc|iPhone.Build.0 = Release|Any CPU
		{BECFE14B-C606-40E4-8E96-6031AC9C7F2C}.Ad-Hoc|iPhone.Deploy.0 = Release|Any CPU
		{BECFE14B-C606-40E4-8E96-6031AC9C7F2C}.Ad-Hoc|iPhoneSimulator.ActiveCfg = Release|Any CPU
		{BECFE14B-C606-40E4-8E96-6031AC9C7F2C}.Ad-Hoc|iPhoneSimulator.Build.0 = Release|Any CPU
		{BECFE14B-C606-40E4-8E96-6031AC9C7F2C}.Ad-Hoc|iPhoneSimulator.Deploy.0 = Release|Any CPU
		{BECFE14B-C606-40E4-8E96-6031AC9C7F2C}.Ad-Hoc|x64.ActiveCfg = Release|Any CPU
		{BECFE14B-C606-40E4-8E96-6031AC9C7F2C}.Ad-Hoc|x64.Build.0 = Release|Any CPU
		{BECFE14B-C606-40E4-8E96-6031AC9C7F2C}.Ad-Hoc|x64.Deploy.0 = Release|Any CPU
		{BECFE14B-C606-40E4-8E96-6031AC9C7F2C}.Ad-Hoc|x86.ActiveCfg = Release|x86
		{BECFE14B-C606-40E4-8E96-6031AC9C7F2C}.Ad-Hoc|x86.Build.0 = Release|x86
		{BECFE14B-C606-40E4-8E96-6031AC9C7F2C}.Ad-Hoc|x86.Deploy.0 = Release|x86
		{BECFE14B-C606-40E4-8E96-6031AC9C7F2C}.AppStore|Any CPU.ActiveCfg = Release|Any CPU
		{BECFE14B-C606-40E4-8E96-6031AC9C7F2C}.AppStore|Any CPU.Build.0 = Release|Any CPU
		{BECFE14B-C606-40E4-8E96-6031AC9C7F2C}.AppStore|Any CPU.Deploy.0 = Release|Any CPU
		{BECFE14B-C606-40E4-8E96-6031AC9C7F2C}.AppStore|ARM.ActiveCfg = Release|ARM
		{BECFE14B-C606-40E4-8E96-6031AC9C7F2C}.AppStore|ARM.Build.0 = Release|ARM
		{BECFE14B-C606-40E4-8E96-6031AC9C7F2C}.AppStore|ARM.Deploy.0 = Release|ARM
		{BECFE14B-C606-40E4-8E96-6031AC9C7F2C}.AppStore|iPhone.ActiveCfg = Release|Any CPU
		{BECFE14B-C606-40E4-8E96-6031AC9C7F2C}.AppStore|iPhone.Build.0 = Release|Any CPU
		{BECFE14B-C606-40E4-8E96-6031AC9C7F2C}.AppStore|iPhone.Deploy.0 = Release|Any CPU
		{BECFE14B-C606-40E4-8E96-6031AC9C7F2C}.AppStore|iPhoneSimulator.ActiveCfg = Release|Any CPU
		{BECFE14B-C606-40E4-8E96-6031AC9C7F2C}.AppStore|iPhoneSimulator.Build.0 = Release|Any CPU
		{BECFE14B-C606-40E4-8E96-6031AC9C7F2C}.AppStore|iPhoneSimulator.Deploy.0 = Release|Any CPU
		{BECFE14B-C606-40E4-8E96-6031AC9C7F2C}.AppStore|x64.ActiveCfg = Release|Any CPU
		{BECFE14B-C606-40E4-8E96-6031AC9C7F2C}.AppStore|x64.Build.0 = Release|Any CPU
		{BECFE14B-C606-40E4-8E96-6031AC9C7F2C}.AppStore|x64.Deploy.0 = Release|Any CPU
		{BECFE14B-C606-40E4-8E96-6031AC9C7F2C}.AppStore|x86.ActiveCfg = Release|x86
		{BECFE14B-C606-40E4-8E96-6031AC9C7F2C}.AppStore|x86.Build.0 = Release|x86
		{BECFE14B-C606-40E4-8E96-6031AC9C7F2C}.AppStore|x86.Deploy.0 = Release|x86
		{BECFE14B-C606-40E4-8E96-6031AC9C7F2C}.Debug|Any CPU.ActiveCfg = Debug|Any CPU
		{BECFE14B-C606-40E4-8E96-6031AC9C7F2C}.Debug|Any CPU.Build.0 = Debug|Any CPU
		{BECFE14B-C606-40E4-8E96-6031AC9C7F2C}.Debug|Any CPU.Deploy.0 = Debug|Any CPU
		{BECFE14B-C606-40E4-8E96-6031AC9C7F2C}.Debug|ARM.ActiveCfg = Debug|ARM
		{BECFE14B-C606-40E4-8E96-6031AC9C7F2C}.Debug|ARM.Build.0 = Debug|ARM
		{BECFE14B-C606-40E4-8E96-6031AC9C7F2C}.Debug|ARM.Deploy.0 = Debug|ARM
		{BECFE14B-C606-40E4-8E96-6031AC9C7F2C}.Debug|iPhone.ActiveCfg = Debug|Any CPU
		{BECFE14B-C606-40E4-8E96-6031AC9C7F2C}.Debug|iPhone.Build.0 = Debug|Any CPU
		{BECFE14B-C606-40E4-8E96-6031AC9C7F2C}.Debug|iPhone.Deploy.0 = Debug|Any CPU
		{BECFE14B-C606-40E4-8E96-6031AC9C7F2C}.Debug|iPhoneSimulator.ActiveCfg = Debug|Any CPU
		{BECFE14B-C606-40E4-8E96-6031AC9C7F2C}.Debug|iPhoneSimulator.Build.0 = Debug|Any CPU
		{BECFE14B-C606-40E4-8E96-6031AC9C7F2C}.Debug|iPhoneSimulator.Deploy.0 = Debug|Any CPU
		{BECFE14B-C606-40E4-8E96-6031AC9C7F2C}.Debug|x64.ActiveCfg = Debug|Any CPU
		{BECFE14B-C606-40E4-8E96-6031AC9C7F2C}.Debug|x64.Build.0 = Debug|Any CPU
		{BECFE14B-C606-40E4-8E96-6031AC9C7F2C}.Debug|x64.Deploy.0 = Debug|Any CPU
		{BECFE14B-C606-40E4-8E96-6031AC9C7F2C}.Debug|x86.ActiveCfg = Debug|x86
		{BECFE14B-C606-40E4-8E96-6031AC9C7F2C}.Debug|x86.Build.0 = Debug|x86
		{BECFE14B-C606-40E4-8E96-6031AC9C7F2C}.Debug|x86.Deploy.0 = Debug|x86
		{BECFE14B-C606-40E4-8E96-6031AC9C7F2C}.Release|Any CPU.ActiveCfg = Release|Any CPU
		{BECFE14B-C606-40E4-8E96-6031AC9C7F2C}.Release|Any CPU.Build.0 = Release|Any CPU
		{BECFE14B-C606-40E4-8E96-6031AC9C7F2C}.Release|Any CPU.Deploy.0 = Release|Any CPU
		{BECFE14B-C606-40E4-8E96-6031AC9C7F2C}.Release|ARM.ActiveCfg = Release|ARM
		{BECFE14B-C606-40E4-8E96-6031AC9C7F2C}.Release|ARM.Build.0 = Release|ARM
		{BECFE14B-C606-40E4-8E96-6031AC9C7F2C}.Release|ARM.Deploy.0 = Release|ARM
		{BECFE14B-C606-40E4-8E96-6031AC9C7F2C}.Release|iPhone.ActiveCfg = Release|Any CPU
		{BECFE14B-C606-40E4-8E96-6031AC9C7F2C}.Release|iPhone.Build.0 = Release|Any CPU
		{BECFE14B-C606-40E4-8E96-6031AC9C7F2C}.Release|iPhone.Deploy.0 = Release|Any CPU
		{BECFE14B-C606-40E4-8E96-6031AC9C7F2C}.Release|iPhoneSimulator.ActiveCfg = Release|Any CPU
		{BECFE14B-C606-40E4-8E96-6031AC9C7F2C}.Release|iPhoneSimulator.Build.0 = Release|Any CPU
		{BECFE14B-C606-40E4-8E96-6031AC9C7F2C}.Release|iPhoneSimulator.Deploy.0 = Release|Any CPU
		{BECFE14B-C606-40E4-8E96-6031AC9C7F2C}.Release|x64.ActiveCfg = Release|Any CPU
		{BECFE14B-C606-40E4-8E96-6031AC9C7F2C}.Release|x64.Build.0 = Release|Any CPU
		{BECFE14B-C606-40E4-8E96-6031AC9C7F2C}.Release|x64.Deploy.0 = Release|Any CPU
		{BECFE14B-C606-40E4-8E96-6031AC9C7F2C}.Release|x86.ActiveCfg = Release|x86
		{BECFE14B-C606-40E4-8E96-6031AC9C7F2C}.Release|x86.Build.0 = Release|x86
		{BECFE14B-C606-40E4-8E96-6031AC9C7F2C}.Release|x86.Deploy.0 = Release|x86
		{EB9D0632-A04F-4390-B6D3-1651809986CD}.Ad-Hoc|Any CPU.ActiveCfg = Release|x86
		{EB9D0632-A04F-4390-B6D3-1651809986CD}.Ad-Hoc|Any CPU.Build.0 = Release|x86
		{EB9D0632-A04F-4390-B6D3-1651809986CD}.Ad-Hoc|Any CPU.Deploy.0 = Release|x86
		{EB9D0632-A04F-4390-B6D3-1651809986CD}.Ad-Hoc|ARM.ActiveCfg = Release|ARM
		{EB9D0632-A04F-4390-B6D3-1651809986CD}.Ad-Hoc|ARM.Build.0 = Release|ARM
		{EB9D0632-A04F-4390-B6D3-1651809986CD}.Ad-Hoc|ARM.Deploy.0 = Release|ARM
		{EB9D0632-A04F-4390-B6D3-1651809986CD}.Ad-Hoc|iPhone.ActiveCfg = Release|x86
		{EB9D0632-A04F-4390-B6D3-1651809986CD}.Ad-Hoc|iPhone.Build.0 = Release|x86
		{EB9D0632-A04F-4390-B6D3-1651809986CD}.Ad-Hoc|iPhone.Deploy.0 = Release|x86
		{EB9D0632-A04F-4390-B6D3-1651809986CD}.Ad-Hoc|iPhoneSimulator.ActiveCfg = Release|x86
		{EB9D0632-A04F-4390-B6D3-1651809986CD}.Ad-Hoc|iPhoneSimulator.Build.0 = Release|x86
		{EB9D0632-A04F-4390-B6D3-1651809986CD}.Ad-Hoc|iPhoneSimulator.Deploy.0 = Release|x86
		{EB9D0632-A04F-4390-B6D3-1651809986CD}.Ad-Hoc|x64.ActiveCfg = Release|x64
		{EB9D0632-A04F-4390-B6D3-1651809986CD}.Ad-Hoc|x64.Build.0 = Release|x64
		{EB9D0632-A04F-4390-B6D3-1651809986CD}.Ad-Hoc|x64.Deploy.0 = Release|x64
		{EB9D0632-A04F-4390-B6D3-1651809986CD}.Ad-Hoc|x86.ActiveCfg = Release|x86
		{EB9D0632-A04F-4390-B6D3-1651809986CD}.Ad-Hoc|x86.Build.0 = Release|x86
		{EB9D0632-A04F-4390-B6D3-1651809986CD}.Ad-Hoc|x86.Deploy.0 = Release|x86
		{EB9D0632-A04F-4390-B6D3-1651809986CD}.AppStore|Any CPU.ActiveCfg = Release|x86
		{EB9D0632-A04F-4390-B6D3-1651809986CD}.AppStore|Any CPU.Build.0 = Release|x86
		{EB9D0632-A04F-4390-B6D3-1651809986CD}.AppStore|Any CPU.Deploy.0 = Release|x86
		{EB9D0632-A04F-4390-B6D3-1651809986CD}.AppStore|ARM.ActiveCfg = Release|ARM
		{EB9D0632-A04F-4390-B6D3-1651809986CD}.AppStore|ARM.Build.0 = Release|ARM
		{EB9D0632-A04F-4390-B6D3-1651809986CD}.AppStore|ARM.Deploy.0 = Release|ARM
		{EB9D0632-A04F-4390-B6D3-1651809986CD}.AppStore|iPhone.ActiveCfg = Release|x86
		{EB9D0632-A04F-4390-B6D3-1651809986CD}.AppStore|iPhone.Build.0 = Release|x86
		{EB9D0632-A04F-4390-B6D3-1651809986CD}.AppStore|iPhone.Deploy.0 = Release|x86
		{EB9D0632-A04F-4390-B6D3-1651809986CD}.AppStore|iPhoneSimulator.ActiveCfg = Release|x86
		{EB9D0632-A04F-4390-B6D3-1651809986CD}.AppStore|iPhoneSimulator.Build.0 = Release|x86
		{EB9D0632-A04F-4390-B6D3-1651809986CD}.AppStore|iPhoneSimulator.Deploy.0 = Release|x86
		{EB9D0632-A04F-4390-B6D3-1651809986CD}.AppStore|x64.ActiveCfg = Release|x64
		{EB9D0632-A04F-4390-B6D3-1651809986CD}.AppStore|x64.Build.0 = Release|x64
		{EB9D0632-A04F-4390-B6D3-1651809986CD}.AppStore|x64.Deploy.0 = Release|x64
		{EB9D0632-A04F-4390-B6D3-1651809986CD}.AppStore|x86.ActiveCfg = Release|x86
		{EB9D0632-A04F-4390-B6D3-1651809986CD}.AppStore|x86.Build.0 = Release|x86
		{EB9D0632-A04F-4390-B6D3-1651809986CD}.AppStore|x86.Deploy.0 = Release|x86
		{EB9D0632-A04F-4390-B6D3-1651809986CD}.Debug|Any CPU.ActiveCfg = Debug|x86
		{EB9D0632-A04F-4390-B6D3-1651809986CD}.Debug|ARM.ActiveCfg = Debug|ARM
		{EB9D0632-A04F-4390-B6D3-1651809986CD}.Debug|ARM.Build.0 = Debug|ARM
		{EB9D0632-A04F-4390-B6D3-1651809986CD}.Debug|ARM.Deploy.0 = Debug|ARM
		{EB9D0632-A04F-4390-B6D3-1651809986CD}.Debug|iPhone.ActiveCfg = Debug|x86
		{EB9D0632-A04F-4390-B6D3-1651809986CD}.Debug|iPhoneSimulator.ActiveCfg = Debug|x86
		{EB9D0632-A04F-4390-B6D3-1651809986CD}.Debug|x64.ActiveCfg = Debug|x64
		{EB9D0632-A04F-4390-B6D3-1651809986CD}.Debug|x64.Build.0 = Debug|x64
		{EB9D0632-A04F-4390-B6D3-1651809986CD}.Debug|x64.Deploy.0 = Debug|x64
		{EB9D0632-A04F-4390-B6D3-1651809986CD}.Debug|x86.ActiveCfg = Debug|x86
		{EB9D0632-A04F-4390-B6D3-1651809986CD}.Debug|x86.Build.0 = Debug|x86
		{EB9D0632-A04F-4390-B6D3-1651809986CD}.Debug|x86.Deploy.0 = Debug|x86
		{EB9D0632-A04F-4390-B6D3-1651809986CD}.Release|Any CPU.ActiveCfg = Release|x86
		{EB9D0632-A04F-4390-B6D3-1651809986CD}.Release|ARM.ActiveCfg = Release|ARM
		{EB9D0632-A04F-4390-B6D3-1651809986CD}.Release|ARM.Build.0 = Release|ARM
		{EB9D0632-A04F-4390-B6D3-1651809986CD}.Release|ARM.Deploy.0 = Release|ARM
		{EB9D0632-A04F-4390-B6D3-1651809986CD}.Release|iPhone.ActiveCfg = Release|x86
		{EB9D0632-A04F-4390-B6D3-1651809986CD}.Release|iPhoneSimulator.ActiveCfg = Release|x86
		{EB9D0632-A04F-4390-B6D3-1651809986CD}.Release|x64.ActiveCfg = Release|x64
		{EB9D0632-A04F-4390-B6D3-1651809986CD}.Release|x64.Build.0 = Release|x64
		{EB9D0632-A04F-4390-B6D3-1651809986CD}.Release|x64.Deploy.0 = Release|x64
		{EB9D0632-A04F-4390-B6D3-1651809986CD}.Release|x86.ActiveCfg = Release|x86
		{EB9D0632-A04F-4390-B6D3-1651809986CD}.Release|x86.Build.0 = Release|x86
		{EB9D0632-A04F-4390-B6D3-1651809986CD}.Release|x86.Deploy.0 = Release|x86
		{E77B7A71-8514-48DA-944A-8002B1D460C3}.Ad-Hoc|Any CPU.ActiveCfg = Release|Any CPU
		{E77B7A71-8514-48DA-944A-8002B1D460C3}.Ad-Hoc|Any CPU.Build.0 = Release|Any CPU
		{E77B7A71-8514-48DA-944A-8002B1D460C3}.Ad-Hoc|Any CPU.Deploy.0 = Release|Any CPU
		{E77B7A71-8514-48DA-944A-8002B1D460C3}.Ad-Hoc|ARM.ActiveCfg = Release|ARM
		{E77B7A71-8514-48DA-944A-8002B1D460C3}.Ad-Hoc|ARM.Build.0 = Release|ARM
		{E77B7A71-8514-48DA-944A-8002B1D460C3}.Ad-Hoc|ARM.Deploy.0 = Release|ARM
		{E77B7A71-8514-48DA-944A-8002B1D460C3}.Ad-Hoc|iPhone.ActiveCfg = Release|Any CPU
		{E77B7A71-8514-48DA-944A-8002B1D460C3}.Ad-Hoc|iPhone.Build.0 = Release|Any CPU
		{E77B7A71-8514-48DA-944A-8002B1D460C3}.Ad-Hoc|iPhone.Deploy.0 = Release|Any CPU
		{E77B7A71-8514-48DA-944A-8002B1D460C3}.Ad-Hoc|iPhoneSimulator.ActiveCfg = Release|Any CPU
		{E77B7A71-8514-48DA-944A-8002B1D460C3}.Ad-Hoc|iPhoneSimulator.Build.0 = Release|Any CPU
		{E77B7A71-8514-48DA-944A-8002B1D460C3}.Ad-Hoc|iPhoneSimulator.Deploy.0 = Release|Any CPU
		{E77B7A71-8514-48DA-944A-8002B1D460C3}.Ad-Hoc|x64.ActiveCfg = Release|x64
		{E77B7A71-8514-48DA-944A-8002B1D460C3}.Ad-Hoc|x64.Build.0 = Release|x64
		{E77B7A71-8514-48DA-944A-8002B1D460C3}.Ad-Hoc|x64.Deploy.0 = Release|x64
		{E77B7A71-8514-48DA-944A-8002B1D460C3}.Ad-Hoc|x86.ActiveCfg = Release|x86
		{E77B7A71-8514-48DA-944A-8002B1D460C3}.Ad-Hoc|x86.Build.0 = Release|x86
		{E77B7A71-8514-48DA-944A-8002B1D460C3}.Ad-Hoc|x86.Deploy.0 = Release|x86
		{E77B7A71-8514-48DA-944A-8002B1D460C3}.AppStore|Any CPU.ActiveCfg = Release|Any CPU
		{E77B7A71-8514-48DA-944A-8002B1D460C3}.AppStore|Any CPU.Build.0 = Release|Any CPU
		{E77B7A71-8514-48DA-944A-8002B1D460C3}.AppStore|Any CPU.Deploy.0 = Release|Any CPU
		{E77B7A71-8514-48DA-944A-8002B1D460C3}.AppStore|ARM.ActiveCfg = Release|ARM
		{E77B7A71-8514-48DA-944A-8002B1D460C3}.AppStore|ARM.Build.0 = Release|ARM
		{E77B7A71-8514-48DA-944A-8002B1D460C3}.AppStore|ARM.Deploy.0 = Release|ARM
		{E77B7A71-8514-48DA-944A-8002B1D460C3}.AppStore|iPhone.ActiveCfg = Release|Any CPU
		{E77B7A71-8514-48DA-944A-8002B1D460C3}.AppStore|iPhone.Build.0 = Release|Any CPU
		{E77B7A71-8514-48DA-944A-8002B1D460C3}.AppStore|iPhone.Deploy.0 = Release|Any CPU
		{E77B7A71-8514-48DA-944A-8002B1D460C3}.AppStore|iPhoneSimulator.ActiveCfg = Release|Any CPU
		{E77B7A71-8514-48DA-944A-8002B1D460C3}.AppStore|iPhoneSimulator.Build.0 = Release|Any CPU
		{E77B7A71-8514-48DA-944A-8002B1D460C3}.AppStore|iPhoneSimulator.Deploy.0 = Release|Any CPU
		{E77B7A71-8514-48DA-944A-8002B1D460C3}.AppStore|x64.ActiveCfg = Release|x64
		{E77B7A71-8514-48DA-944A-8002B1D460C3}.AppStore|x64.Build.0 = Release|x64
		{E77B7A71-8514-48DA-944A-8002B1D460C3}.AppStore|x64.Deploy.0 = Release|x64
		{E77B7A71-8514-48DA-944A-8002B1D460C3}.AppStore|x86.ActiveCfg = Release|x86
		{E77B7A71-8514-48DA-944A-8002B1D460C3}.AppStore|x86.Build.0 = Release|x86
		{E77B7A71-8514-48DA-944A-8002B1D460C3}.AppStore|x86.Deploy.0 = Release|x86
		{E77B7A71-8514-48DA-944A-8002B1D460C3}.Debug|Any CPU.ActiveCfg = Debug|Any CPU
		{E77B7A71-8514-48DA-944A-8002B1D460C3}.Debug|Any CPU.Build.0 = Debug|Any CPU
		{E77B7A71-8514-48DA-944A-8002B1D460C3}.Debug|Any CPU.Deploy.0 = Debug|Any CPU
		{E77B7A71-8514-48DA-944A-8002B1D460C3}.Debug|ARM.ActiveCfg = Debug|ARM
		{E77B7A71-8514-48DA-944A-8002B1D460C3}.Debug|ARM.Build.0 = Debug|ARM
		{E77B7A71-8514-48DA-944A-8002B1D460C3}.Debug|ARM.Deploy.0 = Debug|ARM
		{E77B7A71-8514-48DA-944A-8002B1D460C3}.Debug|iPhone.ActiveCfg = Debug|Any CPU
		{E77B7A71-8514-48DA-944A-8002B1D460C3}.Debug|iPhone.Build.0 = Debug|Any CPU
		{E77B7A71-8514-48DA-944A-8002B1D460C3}.Debug|iPhone.Deploy.0 = Debug|Any CPU
		{E77B7A71-8514-48DA-944A-8002B1D460C3}.Debug|iPhoneSimulator.ActiveCfg = Debug|Any CPU
		{E77B7A71-8514-48DA-944A-8002B1D460C3}.Debug|iPhoneSimulator.Build.0 = Debug|Any CPU
		{E77B7A71-8514-48DA-944A-8002B1D460C3}.Debug|iPhoneSimulator.Deploy.0 = Debug|Any CPU
		{E77B7A71-8514-48DA-944A-8002B1D460C3}.Debug|x64.ActiveCfg = Debug|x64
		{E77B7A71-8514-48DA-944A-8002B1D460C3}.Debug|x64.Build.0 = Debug|x64
		{E77B7A71-8514-48DA-944A-8002B1D460C3}.Debug|x64.Deploy.0 = Debug|x64
		{E77B7A71-8514-48DA-944A-8002B1D460C3}.Debug|x86.ActiveCfg = Debug|x86
		{E77B7A71-8514-48DA-944A-8002B1D460C3}.Debug|x86.Build.0 = Debug|x86
		{E77B7A71-8514-48DA-944A-8002B1D460C3}.Debug|x86.Deploy.0 = Debug|x86
		{E77B7A71-8514-48DA-944A-8002B1D460C3}.Release|Any CPU.ActiveCfg = Release|Any CPU
		{E77B7A71-8514-48DA-944A-8002B1D460C3}.Release|Any CPU.Build.0 = Release|Any CPU
		{E77B7A71-8514-48DA-944A-8002B1D460C3}.Release|Any CPU.Deploy.0 = Release|Any CPU
		{E77B7A71-8514-48DA-944A-8002B1D460C3}.Release|ARM.ActiveCfg = Release|ARM
		{E77B7A71-8514-48DA-944A-8002B1D460C3}.Release|ARM.Build.0 = Release|ARM
		{E77B7A71-8514-48DA-944A-8002B1D460C3}.Release|ARM.Deploy.0 = Release|ARM
		{E77B7A71-8514-48DA-944A-8002B1D460C3}.Release|iPhone.ActiveCfg = Release|Any CPU
		{E77B7A71-8514-48DA-944A-8002B1D460C3}.Release|iPhone.Build.0 = Release|Any CPU
		{E77B7A71-8514-48DA-944A-8002B1D460C3}.Release|iPhone.Deploy.0 = Release|Any CPU
		{E77B7A71-8514-48DA-944A-8002B1D460C3}.Release|iPhoneSimulator.ActiveCfg = Release|Any CPU
		{E77B7A71-8514-48DA-944A-8002B1D460C3}.Release|iPhoneSimulator.Build.0 = Release|Any CPU
		{E77B7A71-8514-48DA-944A-8002B1D460C3}.Release|iPhoneSimulator.Deploy.0 = Release|Any CPU
		{E77B7A71-8514-48DA-944A-8002B1D460C3}.Release|x64.ActiveCfg = Release|x64
		{E77B7A71-8514-48DA-944A-8002B1D460C3}.Release|x64.Build.0 = Release|x64
		{E77B7A71-8514-48DA-944A-8002B1D460C3}.Release|x64.Deploy.0 = Release|x64
		{E77B7A71-8514-48DA-944A-8002B1D460C3}.Release|x86.ActiveCfg = Release|x86
		{E77B7A71-8514-48DA-944A-8002B1D460C3}.Release|x86.Build.0 = Release|x86
		{E77B7A71-8514-48DA-944A-8002B1D460C3}.Release|x86.Deploy.0 = Release|x86
		{B0F892FE-C1C1-4C08-AED3-A1E4639C1BB2}.Ad-Hoc|Any CPU.ActiveCfg = Release|Any CPU
		{B0F892FE-C1C1-4C08-AED3-A1E4639C1BB2}.Ad-Hoc|Any CPU.Build.0 = Release|Any CPU
		{B0F892FE-C1C1-4C08-AED3-A1E4639C1BB2}.Ad-Hoc|ARM.ActiveCfg = Release|Any CPU
		{B0F892FE-C1C1-4C08-AED3-A1E4639C1BB2}.Ad-Hoc|ARM.Build.0 = Release|Any CPU
		{B0F892FE-C1C1-4C08-AED3-A1E4639C1BB2}.Ad-Hoc|iPhone.ActiveCfg = Release|Any CPU
		{B0F892FE-C1C1-4C08-AED3-A1E4639C1BB2}.Ad-Hoc|iPhone.Build.0 = Release|Any CPU
		{B0F892FE-C1C1-4C08-AED3-A1E4639C1BB2}.Ad-Hoc|iPhoneSimulator.ActiveCfg = Release|Any CPU
		{B0F892FE-C1C1-4C08-AED3-A1E4639C1BB2}.Ad-Hoc|iPhoneSimulator.Build.0 = Release|Any CPU
		{B0F892FE-C1C1-4C08-AED3-A1E4639C1BB2}.Ad-Hoc|x64.ActiveCfg = Release|Any CPU
		{B0F892FE-C1C1-4C08-AED3-A1E4639C1BB2}.Ad-Hoc|x64.Build.0 = Release|Any CPU
		{B0F892FE-C1C1-4C08-AED3-A1E4639C1BB2}.Ad-Hoc|x86.ActiveCfg = Release|Any CPU
		{B0F892FE-C1C1-4C08-AED3-A1E4639C1BB2}.Ad-Hoc|x86.Build.0 = Release|Any CPU
		{B0F892FE-C1C1-4C08-AED3-A1E4639C1BB2}.AppStore|Any CPU.ActiveCfg = Release|Any CPU
		{B0F892FE-C1C1-4C08-AED3-A1E4639C1BB2}.AppStore|Any CPU.Build.0 = Release|Any CPU
		{B0F892FE-C1C1-4C08-AED3-A1E4639C1BB2}.AppStore|ARM.ActiveCfg = Release|Any CPU
		{B0F892FE-C1C1-4C08-AED3-A1E4639C1BB2}.AppStore|ARM.Build.0 = Release|Any CPU
		{B0F892FE-C1C1-4C08-AED3-A1E4639C1BB2}.AppStore|iPhone.ActiveCfg = Release|Any CPU
		{B0F892FE-C1C1-4C08-AED3-A1E4639C1BB2}.AppStore|iPhone.Build.0 = Release|Any CPU
		{B0F892FE-C1C1-4C08-AED3-A1E4639C1BB2}.AppStore|iPhoneSimulator.ActiveCfg = Release|Any CPU
		{B0F892FE-C1C1-4C08-AED3-A1E4639C1BB2}.AppStore|iPhoneSimulator.Build.0 = Release|Any CPU
		{B0F892FE-C1C1-4C08-AED3-A1E4639C1BB2}.AppStore|x64.ActiveCfg = Release|Any CPU
		{B0F892FE-C1C1-4C08-AED3-A1E4639C1BB2}.AppStore|x64.Build.0 = Release|Any CPU
		{B0F892FE-C1C1-4C08-AED3-A1E4639C1BB2}.AppStore|x86.ActiveCfg = Release|Any CPU
		{B0F892FE-C1C1-4C08-AED3-A1E4639C1BB2}.AppStore|x86.Build.0 = Release|Any CPU
		{B0F892FE-C1C1-4C08-AED3-A1E4639C1BB2}.Debug|Any CPU.ActiveCfg = Debug|Any CPU
		{B0F892FE-C1C1-4C08-AED3-A1E4639C1BB2}.Debug|Any CPU.Build.0 = Debug|Any CPU
		{B0F892FE-C1C1-4C08-AED3-A1E4639C1BB2}.Debug|ARM.ActiveCfg = Debug|Any CPU
		{B0F892FE-C1C1-4C08-AED3-A1E4639C1BB2}.Debug|ARM.Build.0 = Debug|Any CPU
		{B0F892FE-C1C1-4C08-AED3-A1E4639C1BB2}.Debug|iPhone.ActiveCfg = Debug|Any CPU
		{B0F892FE-C1C1-4C08-AED3-A1E4639C1BB2}.Debug|iPhone.Build.0 = Debug|Any CPU
		{B0F892FE-C1C1-4C08-AED3-A1E4639C1BB2}.Debug|iPhoneSimulator.ActiveCfg = Debug|Any CPU
		{B0F892FE-C1C1-4C08-AED3-A1E4639C1BB2}.Debug|iPhoneSimulator.Build.0 = Debug|Any CPU
		{B0F892FE-C1C1-4C08-AED3-A1E4639C1BB2}.Debug|x64.ActiveCfg = Debug|Any CPU
		{B0F892FE-C1C1-4C08-AED3-A1E4639C1BB2}.Debug|x64.Build.0 = Debug|Any CPU
		{B0F892FE-C1C1-4C08-AED3-A1E4639C1BB2}.Debug|x86.ActiveCfg = Debug|Any CPU
		{B0F892FE-C1C1-4C08-AED3-A1E4639C1BB2}.Debug|x86.Build.0 = Debug|Any CPU
		{B0F892FE-C1C1-4C08-AED3-A1E4639C1BB2}.Release|Any CPU.ActiveCfg = Release|Any CPU
		{B0F892FE-C1C1-4C08-AED3-A1E4639C1BB2}.Release|Any CPU.Build.0 = Release|Any CPU
		{B0F892FE-C1C1-4C08-AED3-A1E4639C1BB2}.Release|ARM.ActiveCfg = Release|Any CPU
		{B0F892FE-C1C1-4C08-AED3-A1E4639C1BB2}.Release|ARM.Build.0 = Release|Any CPU
		{B0F892FE-C1C1-4C08-AED3-A1E4639C1BB2}.Release|iPhone.ActiveCfg = Release|Any CPU
		{B0F892FE-C1C1-4C08-AED3-A1E4639C1BB2}.Release|iPhone.Build.0 = Release|Any CPU
		{B0F892FE-C1C1-4C08-AED3-A1E4639C1BB2}.Release|iPhoneSimulator.ActiveCfg = Release|Any CPU
		{B0F892FE-C1C1-4C08-AED3-A1E4639C1BB2}.Release|iPhoneSimulator.Build.0 = Release|Any CPU
		{B0F892FE-C1C1-4C08-AED3-A1E4639C1BB2}.Release|x64.ActiveCfg = Release|Any CPU
		{B0F892FE-C1C1-4C08-AED3-A1E4639C1BB2}.Release|x64.Build.0 = Release|Any CPU
		{B0F892FE-C1C1-4C08-AED3-A1E4639C1BB2}.Release|x86.ActiveCfg = Release|Any CPU
		{B0F892FE-C1C1-4C08-AED3-A1E4639C1BB2}.Release|x86.Build.0 = Release|Any CPU
	EndGlobalSection
	GlobalSection(SolutionProperties) = preSolution
		HideSolutionNode = FALSE
	EndGlobalSection
EndGlobal
